
Microsoft Visual Studio Solution File, Format Version 12.00
# Visual Studio Version 16
VisualStudioVersion = 16.0.30002.166
MinimumVisualStudioVersion = 10.0.40219.1
Project("{9A19103F-16F7-4668-BE54-9A1E7A4F7556}") = "GameOfLifeLibrary", "GameOfLifeLibrary\GameOfLifeLibrary.csproj", "{4A3BC8F9-9340-469F-88E0-1F664C361B5C}"
EndProject
Project("{2150E333-8FDC-42A3-9474-1A3956D46DE8}") = "Solution Items", "Solution Items", "{AF569ADD-C3A3-4024-A4D6-10FEF0477715}"
	ProjectSection(SolutionItems) = preProject
		.editorconfig = .editorconfig
		.gitignore = .gitignore
		Common.ruleset = Common.ruleset
		stylecop.json = stylecop.json
	EndProjectSection
EndProject
Project("{FAE04EC0-301F-11D3-BF4B-00C04F79EFBC}") = "GameOfLife", "GameOfLife\GameOfLife.csproj", "{4C7054E1-B4B8-451D-AE41-579169C79A59}"
EndProject
Global
	GlobalSection(SolutionConfigurationPlatforms) = preSolution
		Debug|Any CPU = Debug|Any CPU
		Release|Any CPU = Release|Any CPU
	EndGlobalSection
	GlobalSection(ProjectConfigurationPlatforms) = postSolution
		{4A3BC8F9-9340-469F-88E0-1F664C361B5C}.Debug|Any CPU.ActiveCfg = Debug|Any CPU
		{4A3BC8F9-9340-469F-88E0-1F664C361B5C}.Debug|Any CPU.Build.0 = Debug|Any CPU
		{4A3BC8F9-9340-469F-88E0-1F664C361B5C}.Release|Any CPU.ActiveCfg = Release|Any CPU
		{4A3BC8F9-9340-469F-88E0-1F664C361B5C}.Release|Any CPU.Build.0 = Release|Any CPU
		{4C7054E1-B4B8-451D-AE41-579169C79A59}.Debug|Any CPU.ActiveCfg = Debug|Any CPU
		{4C7054E1-B4B8-451D-AE41-579169C79A59}.Debug|Any CPU.Build.0 = Debug|Any CPU
		{4C7054E1-B4B8-451D-AE41-579169C79A59}.Release|Any CPU.ActiveCfg = Release|Any CPU
		{4C7054E1-B4B8-451D-AE41-579169C79A59}.Release|Any CPU.Build.0 = Release|Any CPU
	EndGlobalSection
	GlobalSection(SolutionProperties) = preSolution
		HideSolutionNode = FALSE
	EndGlobalSection
	GlobalSection(ExtensibilityGlobals) = postSolution
		SolutionGuid = {64C6C77C-4225-4227-9AAF-3188029DD884}
	EndGlobalSection
EndGlobal
